
Microsoft Visual Studio Solution File, Format Version 12.00
# Visual Studio 15
VisualStudioVersion = 15.0.26124.0
MinimumVisualStudioVersion = 15.0.26124.0
Project("{2150E333-8FDC-42A3-9474-1A3956D46DE8}") = "src", "src", "{B9147B62-3902-48FB-B908-73F02ADB3228}"
EndProject
Project("{FAE04EC0-301F-11D3-BF4B-00C04F79EFBC}") = "Nuke.Common.Tools.FluentMigrator", "src\Nuke.Common.Tools.FluentMigrator\Nuke.Common.Tools.FluentMigrator.csproj", "{499CE15F-4DC8-4DF0-B738-E950DC673E70}"
EndProject
Project("{2150E333-8FDC-42A3-9474-1A3956D46DE8}") = "Solution Items", "Solution Items", "{70B37AC7-F362-477D-AD3F-F331C9D7E484}"
	ProjectSection(SolutionItems) = preProject
		.gitignore = .gitignore
		LICENSE = LICENSE
		README.md = README.md
		Directory.Build.props = Directory.Build.props
	EndProjectSection
EndProject
Project("{2150E333-8FDC-42A3-9474-1A3956D46DE8}") = "tests", "tests", "{1AEC9FEC-1940-4E96-921B-C10A377BD6A8}"
EndProject
Project("{FAE04EC0-301F-11D3-BF4B-00C04F79EFBC}") = "Nuke.Common.Tools.FluentMigrator.Test", "tests\Nuke.Common.Tools.FluentMigrator.Test\Nuke.Common.Tools.FluentMigrator.Test.csproj", "{77EE415C-2EE8-4EDE-8E62-028858673DDD}"
EndProject
Project("{9A19103F-16F7-4668-BE54-9A1E7A4F7556}") = "_build", "build\_build.csproj", "{F55EBAFC-F81A-426F-A22B-7250FE30F206}"
EndProject
Global
	GlobalSection(SolutionConfigurationPlatforms) = preSolution
		Debug|Any CPU = Debug|Any CPU
		Debug|x64 = Debug|x64
		Debug|x86 = Debug|x86
		Release|Any CPU = Release|Any CPU
		Release|x64 = Release|x64
		Release|x86 = Release|x86
	EndGlobalSection
	GlobalSection(SolutionProperties) = preSolution
		HideSolutionNode = FALSE
	EndGlobalSection
	GlobalSection(ProjectConfigurationPlatforms) = postSolution
		{F55EBAFC-F81A-426F-A22B-7250FE30F206}.Debug|Any CPU.ActiveCfg = Debug|Any CPU
		{F55EBAFC-F81A-426F-A22B-7250FE30F206}.Release|Any CPU.ActiveCfg = Release|Any CPU
		{499CE15F-4DC8-4DF0-B738-E950DC673E70}.Debug|Any CPU.ActiveCfg = Debug|Any CPU
		{499CE15F-4DC8-4DF0-B738-E950DC673E70}.Debug|Any CPU.Build.0 = Debug|Any CPU
		{499CE15F-4DC8-4DF0-B738-E950DC673E70}.Debug|x64.ActiveCfg = Debug|Any CPU
		{499CE15F-4DC8-4DF0-B738-E950DC673E70}.Debug|x64.Build.0 = Debug|Any CPU
		{499CE15F-4DC8-4DF0-B738-E950DC673E70}.Debug|x86.ActiveCfg = Debug|Any CPU
		{499CE15F-4DC8-4DF0-B738-E950DC673E70}.Debug|x86.Build.0 = Debug|Any CPU
		{499CE15F-4DC8-4DF0-B738-E950DC673E70}.Release|Any CPU.ActiveCfg = Release|Any CPU
		{499CE15F-4DC8-4DF0-B738-E950DC673E70}.Release|Any CPU.Build.0 = Release|Any CPU
		{499CE15F-4DC8-4DF0-B738-E950DC673E70}.Release|x64.ActiveCfg = Release|Any CPU
		{499CE15F-4DC8-4DF0-B738-E950DC673E70}.Release|x64.Build.0 = Release|Any CPU
		{499CE15F-4DC8-4DF0-B738-E950DC673E70}.Release|x86.ActiveCfg = Release|Any CPU
		{499CE15F-4DC8-4DF0-B738-E950DC673E70}.Release|x86.Build.0 = Release|Any CPU
		{77EE415C-2EE8-4EDE-8E62-028858673DDD}.Debug|Any CPU.ActiveCfg = Debug|Any CPU
		{77EE415C-2EE8-4EDE-8E62-028858673DDD}.Debug|Any CPU.Build.0 = Debug|Any CPU
		{77EE415C-2EE8-4EDE-8E62-028858673DDD}.Debug|x64.ActiveCfg = Debug|Any CPU
		{77EE415C-2EE8-4EDE-8E62-028858673DDD}.Debug|x64.Build.0 = Debug|Any CPU
		{77EE415C-2EE8-4EDE-8E62-028858673DDD}.Debug|x86.ActiveCfg = Debug|Any CPU
		{77EE415C-2EE8-4EDE-8E62-028858673DDD}.Debug|x86.Build.0 = Debug|Any CPU
		{77EE415C-2EE8-4EDE-8E62-028858673DDD}.Release|Any CPU.ActiveCfg = Release|Any CPU
		{77EE415C-2EE8-4EDE-8E62-028858673DDD}.Release|Any CPU.Build.0 = Release|Any CPU
		{77EE415C-2EE8-4EDE-8E62-028858673DDD}.Release|x64.ActiveCfg = Release|Any CPU
		{77EE415C-2EE8-4EDE-8E62-028858673DDD}.Release|x64.Build.0 = Release|Any CPU
		{77EE415C-2EE8-4EDE-8E62-028858673DDD}.Release|x86.ActiveCfg = Release|Any CPU
		{77EE415C-2EE8-4EDE-8E62-028858673DDD}.Release|x86.Build.0 = Release|Any CPU
	EndGlobalSection
	GlobalSection(NestedProjects) = preSolution
		{499CE15F-4DC8-4DF0-B738-E950DC673E70} = {B9147B62-3902-48FB-B908-73F02ADB3228}
		{77EE415C-2EE8-4EDE-8E62-028858673DDD} = {1AEC9FEC-1940-4E96-921B-C10A377BD6A8}
	EndGlobalSection
EndGlobal
